
Microsoft Visual Studio Solution File, Format Version 12.00
# Visual Studio Version 16
VisualStudioVersion = 16.0.31911.196
MinimumVisualStudioVersion = 10.0.40219.1
Project("{FAE04EC0-301F-11D3-BF4B-00C04F79EFBC}") = "StudentManagementApi", "StudentManagementApi\StudentManagementApi.csproj", "{40DDFE0E-E806-446E-AA46-0F5BD97A30F4}"
EndProject
Global
	GlobalSection(SolutionConfigurationPlatforms) = preSolution
		Debug|Any CPU = Debug|Any CPU
		Release|Any CPU = Release|Any CPU
	EndGlobalSection
	GlobalSection(ProjectConfigurationPlatforms) = postSolution
		{40DDFE0E-E806-446E-AA46-0F5BD97A30F4}.Debug|Any CPU.ActiveCfg = Debug|Any CPU
		{40DDFE0E-E806-446E-AA46-0F5BD97A30F4}.Debug|Any CPU.Build.0 = Debug|Any CPU
		{40DDFE0E-E806-446E-AA46-0F5BD97A30F4}.Release|Any CPU.ActiveCfg = Release|Any CPU
		{40DDFE0E-E806-446E-AA46-0F5BD97A30F4}.Release|Any CPU.Build.0 = Release|Any CPU
	EndGlobalSection
	GlobalSection(SolutionProperties) = preSolution
		HideSolutionNode = FALSE
	EndGlobalSection
	GlobalSection(ExtensibilityGlobals) = postSolution
		SolutionGuid = {C82AED59-4C6B-476C-B884-82972CA8B582}
	EndGlobalSection
EndGlobal
